Microsoft Visual Studio Solution File, Format Version 12.00
# Visual Studio Version 17
VisualStudioVersion = 17.5.2.0
MinimumVisualStudioVersion = 10.0.40219.1
Project("{FAE04EC0-301F-11D3-BF4B-00C04F79EFBC}") = "Prescriptions", "Prescriptions.csproj", "{74FF68FE-962B-8374-0E62-7803567D87F6}"
EndProject
Global
	GlobalSection(SolutionConfigurationPlatforms) = preSolution
		Debug|Any CPU = Debug|Any CPU
		Release|Any CPU = Release|Any CPU
	EndGlobalSection
	GlobalSection(ProjectConfigurationPlatforms) = postSolution
		{74FF68FE-962B-8374-0E62-7803567D87F6}.Debug|Any CPU.ActiveCfg = Debug|Any CPU
		{74FF68FE-962B-8374-0E62-7803567D87F6}.Debug|Any CPU.Build.0 = Debug|Any CPU
		{74FF68FE-962B-8374-0E62-7803567D87F6}.Release|Any CPU.ActiveCfg = Release|Any CPU
		{74FF68FE-962B-8374-0E62-7803567D87F6}.Release|Any CPU.Build.0 = Release|Any CPU
	EndGlobalSection
	GlobalSection(SolutionProperties) = preSolution
		HideSolutionNode = FALSE
	EndGlobalSection
	GlobalSection(ExtensibilityGlobals) = postSolution
		SolutionGuid = {5AB52C13-DE80-4A30-976F-3A507D94F1A6}
	EndGlobalSection
EndGlobal
